// !$*UTF8*$!
{
	archiveVersion = 1;
	classes = {
	};
	objectVersion = 50;
	objects = {

/* Begin PBXBuildFile section */
		CEA24FAE23543D8E004F4DCE /* traversal.c in Sources */ = {isa = PBXBuildFile; fileRef = CEA24FAD23543D8E004F4DCE /* traversal.c */; };
		CEA24FB123543DB3004F4DCE /* dll_alloc.c in Sources */ = {isa = PBXBuildFile; fileRef = CEA24FB023543DB3004F4DCE /* dll_alloc.c */; };
		CEA24FB323543DE1004F4DCE /* task1.c in Sources */ = {isa = PBXBuildFile; fileRef = CEA24FB223543DE1004F4DCE /* task1.c */; };
/* End PBXBuildFile section */

/* Begin PBXCopyFilesBuildPhase section */
		CEA24FA023543D68004F4DCE /* CopyFiles */ = {
			isa = PBXCopyFilesBuildPhase;
			buildActionMask = 2147483647;
			dstPath = /usr/share/man/man1/;
			dstSubfolderSpec = 0;
			files = (
			);
			runOnlyForDeploymentPostprocessing = 1;
		};
/* End PBXCopyFilesBuildPhase section */

/* Begin PBXFileReference section */
		CEA24FA223543D68004F4DCE /* traversal */ = {isa = PBXFileReference; explicitFileType = "compiled.mach-o.executable"; includeInIndex = 0; path = traversal; sourceTree = BUILT_PRODUCTS_DIR; };
		CEA24FAC23543D8E004F4DCE /* traversal.h */ = {isa = PBXFileReference; lastKnownFileType = sourcecode.c.h; path = traversal.h; sourceTree = "<group>"; };
		CEA24FAD23543D8E004F4DCE /* traversal.c */ = {isa = PBXFileReference; lastKnownFileType = sourcecode.c.c; path = traversal.c; sourceTree = "<group>"; };
		CEA24FAF23543DB3004F4DCE /* dll_alloc.h */ = {isa = PBXFileReference; lastKnownFileType = sourcecode.c.h; path = dll_alloc.h; sourceTree = "<group>"; };
		CEA24FB023543DB3004F4DCE /* dll_alloc.c */ = {isa = PBXFileReference; lastKnownFileType = sourcecode.c.c; path = dll_alloc.c; sourceTree = "<group>"; };
		CEA24FB223543DE1004F4DCE /* task1.c */ = {isa = PBXFileReference; lastKnownFileType = sourcecode.c.c; path = task1.c; sourceTree = "<group>"; };
		CEA24FB423543E11004F4DCE /* structs.h */ = {isa = PBXFileReference; lastKnownFileType = sourcecode.c.h; path = structs.h; sourceTree = "<group>"; };
/* End PBXFileReference section */

/* Begin PBXFrameworksBuildPhase section */
		CEA24F9F23543D68004F4DCE /* Frameworks */ = {
			isa = PBXFrameworksBuildPhase;
			buildActionMask = 2147483647;
			files = (
			);
			runOnlyForDeploymentPostprocessing = 0;
		};
/* End PBXFrameworksBuildPhase section */

/* Begin PBXGroup section */
		CEA24F9923543D68004F4DCE = {
			isa = PBXGroup;
			children = (
				CEA24FA423543D68004F4DCE /* traversal */,
				CEA24FA323543D68004F4DCE /* Products */,
			);
			sourceTree = "<group>";
		};
		CEA24FA323543D68004F4DCE /* Products */ = {
			isa = PBXGroup;
			children = (
				CEA24FA223543D68004F4DCE /* traversal */,
			);
			name = Products;
			sourceTree = "<group>";
		};
		CEA24FA423543D68004F4DCE /* traversal */ = {
			isa = PBXGroup;
			children = (
				CEA24FAC23543D8E004F4DCE /* traversal.h */,
				CEA24FAD23543D8E004F4DCE /* traversal.c */,
				CEA24FAF23543DB3004F4DCE /* dll_alloc.h */,
				CEA24FB023543DB3004F4DCE /* dll_alloc.c */,
				CEA24FB223543DE1004F4DCE /* task1.c */,
				CEA24FB423543E11004F4DCE /* structs.h */,
			);
			path = traversal;
			sourceTree = "<group>";
		};
/* End PBXGroup section */

/* Begin PBXNativeTarget section */
		CEA24FA123543D68004F4DCE /* traversal */ = {
			isa = PBXNativeTarget;
			buildConfigurationList = CEA24FA923543D68004F4DCE /* Build configuration list for PBXNativeTarget "traversal" */;
			buildPhases = (
				CEA24F9E23543D68004F4DCE /* Sources */,
				CEA24F9F23543D68004F4DCE /* Frameworks */,
				CEA24FA023543D68004F4DCE /* CopyFiles */,
			);
			buildRules = (
			);
			dependencies = (
			);
			name = traversal;
			productName = traversal;
			productReference = CEA24FA223543D68004F4DCE /* traversal */;
			productType = "com.apple.product-type.tool";
		};
/* End PBXNativeTarget section */

/* Begin PBXProject section */
		CEA24F9A23543D68004F4DCE /* Project object */ = {
			isa = PBXProject;
			attributes = {
				LastUpgradeCheck = 1030;
				ORGANIZATIONNAME = Xinyi;
				TargetAttributes = {
					CEA24FA123543D68004F4DCE = {
						CreatedOnToolsVersion = 10.3;
					};
				};
			};
			buildConfigurationList = CEA24F9D23543D68004F4DCE /* Build configuration list for PBXProject "traversal" */;
			compatibilityVersion = "Xcode 9.3";
			developmentRegion = en;
			hasScannedForEncodings = 0;
			knownRegions = (
				en,
			);
			mainGroup = CEA24F9923543D68004F4DCE;
			productRefGroup = CEA24FA323543D68004F4DCE /* Products */;
			projectDirPath = "";
			projectRoot = "";
			targets = (
				CEA24FA123543D68004F4DCE /* traversal */,
			);
		};
/* End PBXProject section */

/* Begin PBXSourcesBuildPhase section */
		CEA24F9E23543D68004F4DCE /* Sources */ = {
			isa = PBXSourcesBuildPhase;
			buildActionMask = 2147483647;
			files = (
				CEA24FB323543DE1004F4DCE /* task1.c in Sources */,
				CEA24FB123543DB3004F4DCE /* dll_alloc.c in Sources */,
				CEA24FAE23543D8E004F4DCE /* traversal.c in Sources */,
			);
			runOnlyForDeploymentPostprocessing = 0;
		};
/* End PBXSourcesBuildPhase section */

/* Begin XCBuildConfiguration section */
		CEA24FA723543D68004F4DCE /* Debug */ = {
			isa = XCBuildConfiguration;
			buildSettings = {
				ALWAYS_SEARCH_USER_PATHS = NO;
				CLANG_ANALYZER_NONNULL = YES;
				CLANG_ANALYZER_NUMBER_OBJECT_CONVERSION = YES_AGGRESSIVE;
				CLANG_CXX_LANGUAGE_STANDARD = "gnu++14";
				CLANG_CXX_LIBRARY = "libc++";
				CLANG_ENABLE_MODULES = YES;
				CLANG_ENABLE_OBJC_ARC = YES;
				CLANG_ENABLE_OBJC_WEAK = YES;
				CLANG_WARN_BLOCK_CAPTURE_AUTORELEASING = YES;
				CLANG_WARN_BOOL_CONVERSION = YES;
				CLANG_WARN_COMMA = YES;
				CLANG_WARN_CONSTANT_CONVERSION = YES;
				CLANG_WARN_DEPRECATED_OBJC_IMPLEMENTATIONS = YES;
				CLANG_WARN_DIRECT_OBJC_ISA_USAGE = YES_ERROR;
				CLANG_WARN_DOCUMENTATION_COMMENTS = YES;
				CLANG_WARN_EMPTY_BODY = YES;
				CLANG_WARN_ENUM_CONVERSION = YES;
				CLANG_WARN_INFINITE_RECURSION = YES;
				CLANG_WARN_INT_CONVERSION = YES;
				CLANG_WARN_NON_LITERAL_NULL_CONVERSION = YES;
				CLANG_WARN_OBJC_IMPLICIT_RETAIN_SELF = YES;
				CLANG_WARN_OBJC_LITERAL_CONVERSION = YES;
				CLANG_WARN_OBJC_ROOT_CLASS = YES_ERROR;
				CLANG_WARN_RANGE_LOOP_ANALYSIS = YES;
				CLANG_WARN_STRICT_PROTOTYPES = YES;
				CLANG_WARN_SUSPICIOUS_MOVE = YES;
				CLANG_WARN_UNGUARDED_AVAILABILITY = YES_AGGRESSIVE;
				CLANG_WARN_UNREACHABLE_CODE = YES;
				CLANG_WARN__DUPLICATE_METHOD_MATCH = YES;
				CODE_SIGN_IDENTITY = "-";
				COPY_PHASE_STRIP = NO;
				DEBUG_INFORMATION_FORMAT = dwarf;
				ENABLE_STRICT_OBJC_MSGSEND = YES;
				ENABLE_TESTABILITY = YES;
				GCC_C_LANGUAGE_STANDARD = gnu11;
				GCC_DYNAMIC_NO_PIC = NO;
				GCC_NO_COMMON_BLOCKS = YES;
				GCC_OPTIMIZATION_LEVEL = 0;
				GCC_PREPROCESSOR_DEFINITIONS = (
					"DEBUG=1",
					"$(inherited)",
				);
				GCC_WARN_64_TO_32_BIT_CONVERSION = YES;
				GCC_WARN_ABOUT_RETURN_TYPE = YES_ERROR;
				GCC_WARN_UNDECLARED_SELECTOR = YES;
				GCC_WARN_UNINITIALIZED_AUTOS = YES_AGGRESSIVE;
				GCC_WARN_UNUSED_FUNCTION = YES;
				GCC_WARN_UNUSED_VARIABLE = YES;
				MACOSX_DEPLOYMENT_TARGET = 10.14;
				MTL_ENABLE_DEBUG_INFO = INCLUDE_SOURCE;
				MTL_FAST_MATH = YES;
				ONLY_ACTIVE_ARCH = YES;
				SDKROOT = macosx;
			};
			name = Debug;
		};
		CEA24FA823543D68004F4DCE /* Release */ = {
			isa = XCBuildConfiguration;
			buildSettings = {
				ALWAYS_SEARCH_USER_PATHS = NO;
				CLANG_ANALYZER_NONNULL = YES;
				CLANG_ANALYZER_NUMBER_OBJECT_CONVERSION = YES_AGGRESSIVE;
				CLANG_CXX_LANGUAGE_STANDARD = "gnu++14";
				CLANG_CXX_LIBRARY = "libc++";
				CLANG_ENABLE_MODULES = YES;
				CLANG_ENABLE_OBJC_ARC = YES;
				CLANG_ENABLE_OBJC_WEAK = YES;
				CLANG_WARN_BLOCK_CAPTURE_AUTORELEASING = YES;
				CLANG_WARN_BOOL_CONVERSION = YES;
				CLANG_WARN_COMMA = YES;
				CLANG_WARN_CONSTANT_CONVERSION = YES;
				CLANG_WARN_DEPRECATED_OBJC_IMPLEMENTATIONS = YES;
				CLANG_WARN_DIRECT_OBJC_ISA_USAGE = YES_ERROR;
				CLANG_WARN_DOCUMENTATION_COMMENTS = YES;
				CLANG_WARN_EMPTY_BODY = YES;
				CLANG_WARN_ENUM_CONVERSION = YES;
				CLANG_WARN_INFINITE_RECURSION = YES;
				CLANG_WARN_INT_CONVERSION = YES;
				CLANG_WARN_NON_LITERAL_NULL_CONVERSION = YES;
				CLANG_WARN_OBJC_IMPLICIT_RETAIN_SELF = YES;
				CLANG_WARN_OBJC_LITERAL_CONVERSION = YES;
				CLANG_WARN_OBJC_ROOT_CLASS = YES_ERROR;
				CLANG_WARN_RANGE_LOOP_ANALYSIS = YES;
				CLANG_WARN_STRICT_PROTOTYPES = YES;
				CLANG_WARN_SUSPICIOUS_MOVE = YES;
				CLANG_WARN_UNGUARDED_AVAILABILITY = YES_AGGRESSIVE;
				CLANG_WARN_UNREACHABLE_CODE = YES;
				CLANG_WARN__DUPLICATE_METHOD_MATCH = YES;
				CODE_SIGN_IDENTITY = "-";
				COPY_PHASE_STRIP = NO;
				DEBUG_INFORMATION_FORMAT = "dwarf-with-dsym";
				ENABLE_NS_ASSERTIONS = NO;
				ENABLE_STRICT_OBJC_MSGSEND = YES;
				GCC_C_LANGUAGE_STANDARD = gnu11;
				GCC_NO_COMMON_BLOCKS = YES;
				GCC_WARN_64_TO_32_BIT_CONVERSION = YES;
				GCC_WARN_ABOUT_RETURN_TYPE = YES_ERROR;
				GCC_WARN_UNDECLARED_SELECTOR = YES;
				GCC_WARN_UNINITIALIZED_AUTOS = YES_AGGRESSIVE;
				GCC_WARN_UNUSED_FUNCTION = YES;
				GCC_WARN_UNUSED_VARIABLE = YES;
				MACOSX_DEPLOYMENT_TARGET = 10.14;
				MTL_ENABLE_DEBUG_INFO = NO;
				MTL_FAST_MATH = YES;
				SDKROOT = macosx;
			};
			name = Release;
		};
		CEA24FAA23543D68004F4DCE /* Debug */ = {
			isa = XCBuildConfiguration;
			buildSettings = {
				CODE_SIGN_STYLE = Automatic;
				PRODUCT_NAME = "$(TARGET_NAME)";
			};
			name = Debug;
		};
		CEA24FAB23543D68004F4DCE /* Release */ = {
			isa = XCBuildConfiguration;
			buildSettings = {
				CODE_SIGN_STYLE = Automatic;
				PRODUCT_NAME = "$(TARGET_NAME)";
			};
			name = Release;
		};
/* End XCBuildConfiguration section */

/* Begin XCConfigurationList section */
		CEA24F9D23543D68004F4DCE /* Build configuration list for PBXProject "traversal" */ = {
			isa = XCConfigurationList;
			buildConfigurations = (
				CEA24FA723543D68004F4DCE /* Debug */,
				CEA24FA823543D68004F4DCE /* Release */,
			);
			defaultConfigurationIsVisible = 0;
			defaultConfigurationName = Release;
		};
		CEA24FA923543D68004F4DCE /* Build configuration list for PBXNativeTarget "traversal" */ = {
			isa = XCConfigurationList;
			buildConfigurations = (
				CEA24FAA23543D68004F4DCE /* Debug */,
				CEA24FAB23543D68004F4DCE /* Release */,
			);
			defaultConfigurationIsVisible = 0;
			defaultConfigurationName = Release;
		};
/* End XCConfigurationList section */
	};
	rootObject = CEA24F9A23543D68004F4DCE /* Project object */;
}
